
Microsoft Visual Studio Solution File, Format Version 12.00
# Visual Studio 15
VisualStudioVersion = 15.0.28010.2003
MinimumVisualStudioVersion = 10.0.40219.1
Project("{FAE04EC0-301F-11D3-BF4B-00C04F79EFBC}") = "CustomV5.Android", "CustomV5\CustomV5.Android\CustomV5.Android.csproj", "{D8E24C33-E493-41D6-9D33-E8C14D21BFDD}"
EndProject
Project("{FAE04EC0-301F-11D3-BF4B-00C04F79EFBC}") = "CustomV5", "CustomV5\CustomV5\CustomV5.csproj", "{B2FFB9D5-768D-4951-BAC8-CEC9A62FFAE2}"
EndProject
Global
	GlobalSection(SolutionConfigurationPlatforms) = preSolution
		Debug|Any CPU = Debug|Any CPU
		Release|Any CPU = Release|Any CPU
	EndGlobalSection
	GlobalSection(ProjectConfigurationPlatforms) = postSolution
		{D8E24C33-E493-41D6-9D33-E8C14D21BFDD}.Debug|Any CPU.ActiveCfg = Debug|Any CPU
		{D8E24C33-E493-41D6-9D33-E8C14D21BFDD}.Debug|Any CPU.Build.0 = Debug|Any CPU
		{D8E24C33-E493-41D6-9D33-E8C14D21BFDD}.Debug|Any CPU.Deploy.0 = Debug|Any CPU
		{D8E24C33-E493-41D6-9D33-E8C14D21BFDD}.Release|Any CPU.ActiveCfg = Release|Any CPU
		{D8E24C33-E493-41D6-9D33-E8C14D21BFDD}.Release|Any CPU.Build.0 = Release|Any CPU
		{D8E24C33-E493-41D6-9D33-E8C14D21BFDD}.Release|Any CPU.Deploy.0 = Release|Any CPU
		{B2FFB9D5-768D-4951-BAC8-CEC9A62FFAE2}.Debug|Any CPU.ActiveCfg = Debug|Any CPU
		{B2FFB9D5-768D-4951-BAC8-CEC9A62FFAE2}.Debug|Any CPU.Build.0 = Debug|Any CPU
		{B2FFB9D5-768D-4951-BAC8-CEC9A62FFAE2}.Release|Any CPU.ActiveCfg = Release|Any CPU
		{B2FFB9D5-768D-4951-BAC8-CEC9A62FFAE2}.Release|Any CPU.Build.0 = Release|Any CPU
	EndGlobalSection
	GlobalSection(SolutionProperties) = preSolution
		HideSolutionNode = FALSE
	EndGlobalSection
	GlobalSection(ExtensibilityGlobals) = postSolution
		SolutionGuid = {4850A337-86BF-48C6-9D5C-D25AC4F3D3A8}
	EndGlobalSection
EndGlobal
